{
    "_meta": {
        "hash": {
            "sha256": "783bbbccb8cea0142e99385759311c88e6c6b2e7c4b6e6920e407ba426028ca9"
        },
        "pipfile-spec": 6,
        "requires": {
            "python_version": "3.12"
        },
        "sources": [
            {
                "name": "pypi",
                "url": "https://pypi.org/simple",
                "verify_ssl": true
            }
        ]
    },
    "default": {
        "pymodbus": {
            "extras": [
                "serial"
            ],
            "hashes": [
                "sha256:4c5f715128bfeba59f4c9fb3542b0c32a8afd4b90081111e39c12f7af0c89aae",
                "sha256:74d8dee961f23845f18a8481253183504dca05c4fcd102890cd28f4d7ce09267"
            ],
            "markers": "python_full_version >= '3.10.0'",
            "version": "==3.15.0"
        },
        "pyserial": {
            "hashes": [
                "sha256:3c77e014170dfffbd816e6ffc205e9842efb10be9f58ec16d3e8675b4925cddb",
                "sha256:c4451db6ba391ca6ca299fb3ec7bae67a5c55dde170964c7a14ceefec02f2cf0"
            ],
            "version": "==3.5"
        }
    },
    "develop": {}
}
